
Microsoft Visual Studio Solution File, Format Version 12.00
# Visual Studio Version 17
VisualStudioVersion = 17.14.36414.22 d17.14
MinimumVisualStudioVersion = 10.0.40219.1
Project("{FAE04EC0-301F-11D3-BF4B-00C04F79EFBC}") = "migration_analyze(laba3)", "migration_analyze(laba3).csproj", "{DA50B147-1EB8-457E-9642-9E2A8A788588}"
EndProject
Global
	GlobalSection(SolutionConfigurationPlatforms) = preSolution
		Debug|Any CPU = Debug|Any CPU
		Release|Any CPU = Release|Any CPU
	EndGlobalSection
	GlobalSection(ProjectConfigurationPlatforms) = postSolution
		{DA50B147-1EB8-457E-9642-9E2A8A788588}.Debug|Any CPU.ActiveCfg = Debug|Any CPU
		{DA50B147-1EB8-457E-9642-9E2A8A788588}.Debug|Any CPU.Build.0 = Debug|Any CPU
		{DA50B147-1EB8-457E-9642-9E2A8A788588}.Release|Any CPU.ActiveCfg = Release|Any CPU
		{DA50B147-1EB8-457E-9642-9E2A8A788588}.Release|Any CPU.Build.0 = Release|Any CPU
	EndGlobalSection
	GlobalSection(SolutionProperties) = preSolution
		HideSolutionNode = FALSE
	EndGlobalSection
	GlobalSection(ExtensibilityGlobals) = postSolution
		SolutionGuid = {C40383F4-E6E5-4941-B967-324CD38CDCD3}
	EndGlobalSection
EndGlobal
