
Microsoft Visual Studio Solution File, Format Version 12.00
# Visual Studio Version 17
VisualStudioVersion = 17.14.37216.2 d17.14
MinimumVisualStudioVersion = 10.0.40219.1
Project("{FAE04EC0-301F-11D3-BF4B-00C04F79EFBC}") = "PopulationVariant5", "PopulationVariant5\PopulationVariant5.csproj", "{A5A99F0B-9967-423B-8A51-A87AA2E155FC}"
EndProject
Global
	GlobalSection(SolutionConfigurationPlatforms) = preSolution
		Debug|Any CPU = Debug|Any CPU
		Release|Any CPU = Release|Any CPU
	EndGlobalSection
	GlobalSection(ProjectConfigurationPlatforms) = postSolution
		{A5A99F0B-9967-423B-8A51-A87AA2E155FC}.Debug|Any CPU.ActiveCfg = Debug|Any CPU
		{A5A99F0B-9967-423B-8A51-A87AA2E155FC}.Debug|Any CPU.Build.0 = Debug|Any CPU
		{A5A99F0B-9967-423B-8A51-A87AA2E155FC}.Release|Any CPU.ActiveCfg = Release|Any CPU
		{A5A99F0B-9967-423B-8A51-A87AA2E155FC}.Release|Any CPU.Build.0 = Release|Any CPU
	EndGlobalSection
	GlobalSection(SolutionProperties) = preSolution
		HideSolutionNode = FALSE
	EndGlobalSection
	GlobalSection(ExtensibilityGlobals) = postSolution
		SolutionGuid = {A0B7CB65-FB0D-450A-BCF4-EF34FE0568EF}
	EndGlobalSection
EndGlobal
